
Microsoft Visual Studio Solution File, Format Version 12.00
# Visual Studio Version 17
VisualStudioVersion = 17.9.34607.119
MinimumVisualStudioVersion = 10.0.40219.1
Project("{FAE04EC0-301F-11D3-BF4B-00C04F79EFBC}") = "L01P022020PM605", "L01P022020PM605\L01P022020PM605.csproj", "{13CAF6CC-EF29-4E11-B680-B4A4BBACF9E1}"
EndProject
Global
	GlobalSection(SolutionConfigurationPlatforms) = preSolution
		Debug|Any CPU = Debug|Any CPU
		Release|Any CPU = Release|Any CPU
	EndGlobalSection
	GlobalSection(ProjectConfigurationPlatforms) = postSolution
		{13CAF6CC-EF29-4E11-B680-B4A4BBACF9E1}.Debug|Any CPU.ActiveCfg = Debug|Any CPU
		{13CAF6CC-EF29-4E11-B680-B4A4BBACF9E1}.Debug|Any CPU.Build.0 = Debug|Any CPU
		{13CAF6CC-EF29-4E11-B680-B4A4BBACF9E1}.Release|Any CPU.ActiveCfg = Release|Any CPU
		{13CAF6CC-EF29-4E11-B680-B4A4BBACF9E1}.Release|Any CPU.Build.0 = Release|Any CPU
	EndGlobalSection
	GlobalSection(SolutionProperties) = preSolution
		HideSolutionNode = FALSE
	EndGlobalSection
	GlobalSection(ExtensibilityGlobals) = postSolution
		SolutionGuid = {FC41F773-5503-461B-9EA4-7FC44238CB55}
	EndGlobalSection
EndGlobal
